
Microsoft Visual Studio Solution File, Format Version 12.00
# Visual Studio Version 17
VisualStudioVersion = 17.10.35013.160
MinimumVisualStudioVersion = 10.0.40219.1
Project("{9A19103F-16F7-4668-BE54-9A1E7A4F7556}") = "MonGraphQLClient", "MonGraphQLClient.csproj", "{89CBA312-29E1-483A-A8EB-35D44AC71CD1}"
EndProject
Project("{FAE04EC0-301F-11D3-BF4B-00C04F79EFBC}") = "MonGraphQLClientTests", "..\MonGraphQLClientTests\MonGraphQLClientTests.csproj", "{BCB6D7F0-A8CF-44A9-97AD-352E9D364F77}"
EndProject
Global
	GlobalSection(SolutionConfigurationPlatforms) = preSolution
		Debug|Any CPU = Debug|Any CPU
		Release|Any CPU = Release|Any CPU
	EndGlobalSection
	GlobalSection(ProjectConfigurationPlatforms) = postSolution
		{89CBA312-29E1-483A-A8EB-35D44AC71CD1}.Debug|Any CPU.ActiveCfg = Debug|Any CPU
		{89CBA312-29E1-483A-A8EB-35D44AC71CD1}.Debug|Any CPU.Build.0 = Debug|Any CPU
		{89CBA312-29E1-483A-A8EB-35D44AC71CD1}.Release|Any CPU.ActiveCfg = Release|Any CPU
		{89CBA312-29E1-483A-A8EB-35D44AC71CD1}.Release|Any CPU.Build.0 = Release|Any CPU
		{BCB6D7F0-A8CF-44A9-97AD-352E9D364F77}.Debug|Any CPU.ActiveCfg = Debug|Any CPU
		{BCB6D7F0-A8CF-44A9-97AD-352E9D364F77}.Debug|Any CPU.Build.0 = Debug|Any CPU
		{BCB6D7F0-A8CF-44A9-97AD-352E9D364F77}.Release|Any CPU.ActiveCfg = Release|Any CPU
		{BCB6D7F0-A8CF-44A9-97AD-352E9D364F77}.Release|Any CPU.Build.0 = Release|Any CPU
	EndGlobalSection
	GlobalSection(SolutionProperties) = preSolution
		HideSolutionNode = FALSE
	EndGlobalSection
	GlobalSection(ExtensibilityGlobals) = postSolution
		SolutionGuid = {521C4087-75E4-42F1-B9AB-E0FFCF4C1743}
	EndGlobalSection
EndGlobal
